
Microsoft Visual Studio Solution File, Format Version 12.00
# Visual Studio Version 17
VisualStudioVersion = 17.1.32319.34
MinimumVisualStudioVersion = 10.0.40219.1
Project("{9A19103F-16F7-4668-BE54-9A1E7A4F7556}") = "Tests", "Tests\Tests.csproj", "{BB78E148-D3F8-4E1A-9D6E-2B99ED847238}"
EndProject
Project("{FAE04EC0-301F-11D3-BF4B-00C04F79EFBC}") = "KeySetPaginator", "KeySetPaginator\KeySetPaginator.csproj", "{8BF966CA-3DCD-445A-AB0F-6E88AEB29D07}"
EndProject
Global
	GlobalSection(SolutionConfigurationPlatforms) = preSolution
		Debug|Any CPU = Debug|Any CPU
		Release|Any CPU = Release|Any CPU
	EndGlobalSection
	GlobalSection(ProjectConfigurationPlatforms) = postSolution
		{BB78E148-D3F8-4E1A-9D6E-2B99ED847238}.Debug|Any CPU.ActiveCfg = Debug|Any CPU
		{BB78E148-D3F8-4E1A-9D6E-2B99ED847238}.Debug|Any CPU.Build.0 = Debug|Any CPU
		{BB78E148-D3F8-4E1A-9D6E-2B99ED847238}.Release|Any CPU.ActiveCfg = Release|Any CPU
		{BB78E148-D3F8-4E1A-9D6E-2B99ED847238}.Release|Any CPU.Build.0 = Release|Any CPU
		{8BF966CA-3DCD-445A-AB0F-6E88AEB29D07}.Debug|Any CPU.ActiveCfg = Debug|Any CPU
		{8BF966CA-3DCD-445A-AB0F-6E88AEB29D07}.Debug|Any CPU.Build.0 = Debug|Any CPU
		{8BF966CA-3DCD-445A-AB0F-6E88AEB29D07}.Release|Any CPU.ActiveCfg = Release|Any CPU
		{8BF966CA-3DCD-445A-AB0F-6E88AEB29D07}.Release|Any CPU.Build.0 = Release|Any CPU
	EndGlobalSection
	GlobalSection(SolutionProperties) = preSolution
		HideSolutionNode = FALSE
	EndGlobalSection
	GlobalSection(ExtensibilityGlobals) = postSolution
		SolutionGuid = {DE43E717-8761-42B1-AED6-4BBA0CCD0CE0}
	EndGlobalSection
EndGlobal
